
Microsoft Visual Studio Solution File, Format Version 12.00
Project("{FAE04EC0-301F-11D3-BF4B-00C04F79EFBC}") = "DotNetApiLoggingServiceWeb", "DotNetApiLoggingServiceWeb\DotNetApiLoggingServiceWeb.csproj", "{E168A51F-A13A-4525-B004-5A8D76393C94}"
EndProject
Global
	GlobalSection(SolutionConfigurationPlatforms) = preSolution
		Debug|Any CPU = Debug|Any CPU
		Release|Any CPU = Release|Any CPU
	EndGlobalSection
	GlobalSection(ProjectConfigurationPlatforms) = postSolution
		{E168A51F-A13A-4525-B004-5A8D76393C94}.Debug|Any CPU.ActiveCfg = Debug|Any CPU
		{E168A51F-A13A-4525-B004-5A8D76393C94}.Debug|Any CPU.Build.0 = Debug|Any CPU
		{E168A51F-A13A-4525-B004-5A8D76393C94}.Release|Any CPU.ActiveCfg = Release|Any CPU
		{E168A51F-A13A-4525-B004-5A8D76393C94}.Release|Any CPU.Build.0 = Release|Any CPU
	EndGlobalSection
EndGlobal
